
Microsoft Visual Studio Solution File, Format Version 9.00
# Visual C# Express 2005
Project("{FAE04EC0-301F-11D3-BF4B-00C04F79EFBC}") = "RandMCML", "RandMCML.csproj", "{6A0ECF31-43D7-4841-8D49-9A503AB69203}"
EndProject
Global
	GlobalSection(SolutionConfigurationPlatforms) = preSolution
		Debug|Any CPU = Debug|Any CPU
		Release|Any CPU = Release|Any CPU
	EndGlobalSection
	GlobalSection(ProjectConfigurationPlatforms) = postSolution
		{6A0ECF31-43D7-4841-8D49-9A503AB69203}.Debug|Any CPU.ActiveCfg = Debug|Any CPU
		{6A0ECF31-43D7-4841-8D49-9A503AB69203}.Debug|Any CPU.Build.0 = Debug|Any CPU
		{6A0ECF31-43D7-4841-8D49-9A503AB69203}.Release|Any CPU.ActiveCfg = Release|Any CPU
		{6A0ECF31-43D7-4841-8D49-9A503AB69203}.Release|Any CPU.Build.0 = Release|Any CPU
	EndGlobalSection
	GlobalSection(SolutionProperties) = preSolution
		HideSolutionNode = FALSE
	EndGlobalSection
EndGlobal
